
Microsoft Visual Studio Solution File, Format Version 12.00
# Visual Studio Version 17
VisualStudioVersion = 17.1.32421.90
MinimumVisualStudioVersion = 10.0.40219.1
Project("{FAE04EC0-301F-11D3-BF4B-00C04F79EFBC}") = "trabalho g2", "trabalho g2\trabalho g2.csproj", "{42788264-041E-4676-8B2F-C8F1972F4243}"
EndProject
Global
	GlobalSection(SolutionConfigurationPlatforms) = preSolution
		Debug|Any CPU = Debug|Any CPU
		Release|Any CPU = Release|Any CPU
	EndGlobalSection
	GlobalSection(ProjectConfigurationPlatforms) = postSolution
		{42788264-041E-4676-8B2F-C8F1972F4243}.Debug|Any CPU.ActiveCfg = Debug|Any CPU
		{42788264-041E-4676-8B2F-C8F1972F4243}.Debug|Any CPU.Build.0 = Debug|Any CPU
		{42788264-041E-4676-8B2F-C8F1972F4243}.Release|Any CPU.ActiveCfg = Release|Any CPU
		{42788264-041E-4676-8B2F-C8F1972F4243}.Release|Any CPU.Build.0 = Release|Any CPU
	EndGlobalSection
	GlobalSection(SolutionProperties) = preSolution
		HideSolutionNode = FALSE
	EndGlobalSection
	GlobalSection(ExtensibilityGlobals) = postSolution
		SolutionGuid = {B79001F3-0D6A-409F-9C70-A73F8BECB570}
	EndGlobalSection
EndGlobal
